// !$*UTF8*$!
{
	archiveVersion = 1;
	classes = {
	};
	objectVersion = 46;
	objects = {

/* Begin PBXFileReference section */
		B876703917DF79EC005CC78B /* LICENSE */ = {isa = PBXFileReference; lastKnownFileType = text; path = LICENSE; sourceTree = "<group>"; };
		B876703A17DF79EC005CC78B /* README.md */ = {isa = PBXFileReference; lastKnownFileType = text; path = README.md; sourceTree = "<group>"; };
		B87C7EF618A96416006DA82A /* webvc.py */ = {isa = PBXFileReference; lastKnownFileType = text.script.python; path = webvc.py; sourceTree = "<group>"; };
		B87C7EF718A9644A006DA82A /* .gitignore */ = {isa = PBXFileReference; lastKnownFileType = text; path = .gitignore; sourceTree = "<group>"; };
		B87C7EF818A96C7D006DA82A /* pyvc.pth */ = {isa = PBXFileReference; lastKnownFileType = text; path = pyvc.pth; sourceTree = "<group>"; };
		B87C7F2018A96D32006DA82A /* LICENSE */ = {isa = PBXFileReference; lastKnownFileType = text; path = LICENSE; sourceTree = "<group>"; };
		B87C80B218A96D36006DA82A /* __init__.py */ = {isa = PBXFileReference; lastKnownFileType = text.script.python; path = __init__.py; sourceTree = "<group>"; };
		B87C80B718A96D36006DA82A /* vcanalysis.py */ = {isa = PBXFileReference; lastKnownFileType = text.script.python; path = vcanalysis.py; sourceTree = "<group>"; };
		B87C80B918A96D36006DA82A /* vcevents.py */ = {isa = PBXFileReference; lastKnownFileType = text.script.python; path = vcevents.py; sourceTree = "<group>"; };
		B87C80BB18A96D36006DA82A /* vcexceptions.py */ = {isa = PBXFileReference; lastKnownFileType = text.script.python; path = vcexceptions.py; sourceTree = "<group>"; };
		B87C80BD18A96D36006DA82A /* vcgeometry.py */ = {isa = PBXFileReference; lastKnownFileType = text.script.python; path = vcgeometry.py; sourceTree = "<group>"; };
		B87C80BF18A96D36006DA82A /* vcplots.py */ = {isa = PBXFileReference; lastKnownFileType = text.script.python; path = vcplots.py; sourceTree = "<group>"; };
		B87C80C118A96D36006DA82A /* vcplotutils.py */ = {isa = PBXFileReference; lastKnownFileType = text.script.python; path = vcplotutils.py; sourceTree = "<group>"; };
		B87C80C318A96D36006DA82A /* vcsimdata.py */ = {isa = PBXFileReference; lastKnownFileType = text.script.python; path = vcsimdata.py; sourceTree = "<group>"; };
		B87C80C518A96D36006DA82A /* vcsys.py */ = {isa = PBXFileReference; lastKnownFileType = text.script.python; path = vcsys.py; sourceTree = "<group>"; };
		B87C80C718A96D36006DA82A /* vcutils.py */ = {isa = PBXFileReference; lastKnownFileType = text.script.python; path = vcutils.py; sourceTree = "<group>"; };
		B87C80CC18A96D36006DA82A /* pyvc_tests.py */ = {isa = PBXFileReference; lastKnownFileType = text.script.python; path = pyvc_tests.py; sourceTree = "<group>"; };
		B87C80CD18A96D36006DA82A /* README.md */ = {isa = PBXFileReference; lastKnownFileType = text; path = README.md; sourceTree = "<group>"; };
		B880816718C7DADE00B9C03D /* map_data_parse.py */ = {isa = PBXFileReference; lastKnownFileType = text.script.python; path = map_data_parse.py; sourceTree = "<group>"; };
		B880816918C7E1BC00B9C03D /* countries.json */ = {isa = PBXFileReference; lastKnownFileType = text.json; path = countries.json; sourceTree = "<group>"; };
		B880816B18C7E1BC00B9C03D /* ne_10m_admin_0_map_subunits.cpg */ = {isa = PBXFileReference; lastKnownFileType = text; path = ne_10m_admin_0_map_subunits.cpg; sourceTree = "<group>"; };
		B880816C18C7E1BC00B9C03D /* ne_10m_admin_0_map_subunits.dbf */ = {isa = PBXFileReference; lastKnownFileType = file; path = ne_10m_admin_0_map_subunits.dbf; sourceTree = "<group>"; };
		B880816D18C7E1BC00B9C03D /* ne_10m_admin_0_map_subunits.prj */ = {isa = PBXFileReference; lastKnownFileType = text; path = ne_10m_admin_0_map_subunits.prj; sourceTree = "<group>"; };
		B880816E18C7E1BC00B9C03D /* ne_10m_admin_0_map_subunits.README.html */ = {isa = PBXFileReference; lastKnownFileType = text.html; path = ne_10m_admin_0_map_subunits.README.html; sourceTree = "<group>"; };
		B880816F18C7E1BC00B9C03D /* ne_10m_admin_0_map_subunits.shp */ = {isa = PBXFileReference; lastKnownFileType = file; path = ne_10m_admin_0_map_subunits.shp; sourceTree = "<group>"; };
		B880817018C7E1BC00B9C03D /* ne_10m_admin_0_map_subunits.shx */ = {isa = PBXFileReference; lastKnownFileType = file; path = ne_10m_admin_0_map_subunits.shx; sourceTree = "<group>"; };
		B880817118C7E1BC00B9C03D /* ne_10m_admin_0_map_subunits.VERSION.txt */ = {isa = PBXFileReference; lastKnownFileType = text; path = ne_10m_admin_0_map_subunits.VERSION.txt; sourceTree = "<group>"; };
		B880817318C7E1BC00B9C03D /* ne_10m_admin_1_states_provinces_lakes.cpg */ = {isa = PBXFileReference; lastKnownFileType = text; path = ne_10m_admin_1_states_provinces_lakes.cpg; sourceTree = "<group>"; };
		B880817418C7E1BC00B9C03D /* ne_10m_admin_1_states_provinces_lakes.dbf */ = {isa = PBXFileReference; lastKnownFileType = file; path = ne_10m_admin_1_states_provinces_lakes.dbf; sourceTree = "<group>"; };
		B880817518C7E1BC00B9C03D /* ne_10m_admin_1_states_provinces_lakes.prj */ = {isa = PBXFileReference; lastKnownFileType = text; path = ne_10m_admin_1_states_provinces_lakes.prj; sourceTree = "<group>"; };
		B880817618C7E1BC00B9C03D /* ne_10m_admin_1_states_provinces_lakes.README.html */ = {isa = PBXFileReference; lastKnownFileType = text.html; path = ne_10m_admin_1_states_provinces_lakes.README.html; sourceTree = "<group>"; };
		B880817718C7E1BC00B9C03D /* ne_10m_admin_1_states_provinces_lakes.shp */ = {isa = PBXFileReference; lastKnownFileType = file; path = ne_10m_admin_1_states_provinces_lakes.shp; sourceTree = "<group>"; };
		B880817818C7E1BC00B9C03D /* ne_10m_admin_1_states_provinces_lakes.shx */ = {isa = PBXFileReference; lastKnownFileType = file; path = ne_10m_admin_1_states_provinces_lakes.shx; sourceTree = "<group>"; };
		B880817918C7E1BC00B9C03D /* ne_10m_admin_1_states_provinces_lakes.VERSION.txt */ = {isa = PBXFileReference; lastKnownFileType = text; path = ne_10m_admin_1_states_provinces_lakes.VERSION.txt; sourceTree = "<group>"; };
		B880817B18C7E1BC00B9C03D /* ne_10m_populated_places.cpg */ = {isa = PBXFileReference; lastKnownFileType = text; path = ne_10m_populated_places.cpg; sourceTree = "<group>"; };
		B880817C18C7E1BC00B9C03D /* ne_10m_populated_places.dbf */ = {isa = PBXFileReference; lastKnownFileType = file; path = ne_10m_populated_places.dbf; sourceTree = "<group>"; };
		B880817D18C7E1BC00B9C03D /* ne_10m_populated_places.prj */ = {isa = PBXFileReference; lastKnownFileType = text; path = ne_10m_populated_places.prj; sourceTree = "<group>"; };
		B880817E18C7E1BC00B9C03D /* ne_10m_populated_places.README.html */ = {isa = PBXFileReference; lastKnownFileType = text.html; path = ne_10m_populated_places.README.html; sourceTree = "<group>"; };
		B880817F18C7E1BC00B9C03D /* ne_10m_populated_places.shp */ = {isa = PBXFileReference; lastKnownFileType = file; path = ne_10m_populated_places.shp; sourceTree = "<group>"; };
		B880818018C7E1BC00B9C03D /* ne_10m_populated_places.shx */ = {isa = PBXFileReference; lastKnownFileType = file; path = ne_10m_populated_places.shx; sourceTree = "<group>"; };
		B880818118C7E1BC00B9C03D /* ne_10m_populated_places.VERSION.txt */ = {isa = PBXFileReference; lastKnownFileType = text; path = ne_10m_populated_places.VERSION.txt; sourceTree = "<group>"; };
		B880818318C7E1BC00B9C03D /* ne_10m_urban_areas.dbf */ = {isa = PBXFileReference; lastKnownFileType = file; path = ne_10m_urban_areas.dbf; sourceTree = "<group>"; };
		B880818418C7E1BC00B9C03D /* ne_10m_urban_areas.prj */ = {isa = PBXFileReference; lastKnownFileType = text; path = ne_10m_urban_areas.prj; sourceTree = "<group>"; };
		B880818518C7E1BC00B9C03D /* ne_10m_urban_areas.README.html */ = {isa = PBXFileReference; lastKnownFileType = text.html; path = ne_10m_urban_areas.README.html; sourceTree = "<group>"; };
		B880818618C7E1BC00B9C03D /* ne_10m_urban_areas.shp */ = {isa = PBXFileReference; lastKnownFileType = file; path = ne_10m_urban_areas.shp; sourceTree = "<group>"; };
		B880818718C7E1BC00B9C03D /* ne_10m_urban_areas.shx */ = {isa = PBXFileReference; lastKnownFileType = file; path = ne_10m_urban_areas.shx; sourceTree = "<group>"; };
		B880818818C7E1BC00B9C03D /* ne_10m_urban_areas.VERSION.txt */ = {isa = PBXFileReference; lastKnownFileType = text; path = ne_10m_urban_areas.VERSION.txt; sourceTree = "<group>"; };
		B880818918C7E1BC00B9C03D /* states.json */ = {isa = PBXFileReference; lastKnownFileType = text.json; path = states.json; sourceTree = "<group>"; };
		B8D3B75A18AD6B8F00B39972 /* index.html */ = {isa = PBXFileReference; lastKnownFileType = text.html; path = index.html; sourceTree = "<group>"; };
/* End PBXFileReference section */

/* Begin PBXGroup section */
		B816CBF817419F64002B7133 = {
			isa = PBXGroup;
			children = (
				B880816718C7DADE00B9C03D /* map_data_parse.py */,
				B880816218C7DAD400B9C03D /* map_data */,
				B8D3B75818AD6B8F00B39972 /* static */,
				B87C7EF918A96D32006DA82A /* PyVC */,
				B87C7EF618A96416006DA82A /* webvc.py */,
				B87C7EF818A96C7D006DA82A /* pyvc.pth */,
				B876703817DF79CF005CC78B /* other */,
			);
			sourceTree = "<group>";
		};
		B876703817DF79CF005CC78B /* other */ = {
			isa = PBXGroup;
			children = (
				B87C7EF718A9644A006DA82A /* .gitignore */,
				B876703917DF79EC005CC78B /* LICENSE */,
				B876703A17DF79EC005CC78B /* README.md */,
			);
			name = other;
			sourceTree = "<group>";
		};
		B87C7EF918A96D32006DA82A /* PyVC */ = {
			isa = PBXGroup;
			children = (
				B87C7F2018A96D32006DA82A /* LICENSE */,
				B87C80B118A96D36006DA82A /* pyvc */,
				B87C80CC18A96D36006DA82A /* pyvc_tests.py */,
				B87C80CD18A96D36006DA82A /* README.md */,
			);
			name = PyVC;
			path = ../PyVC;
			sourceTree = "<group>";
		};
		B87C80B118A96D36006DA82A /* pyvc */ = {
			isa = PBXGroup;
			children = (
				B87C80B218A96D36006DA82A /* __init__.py */,
				B87C80B718A96D36006DA82A /* vcanalysis.py */,
				B87C80B918A96D36006DA82A /* vcevents.py */,
				B87C80BB18A96D36006DA82A /* vcexceptions.py */,
				B87C80BD18A96D36006DA82A /* vcgeometry.py */,
				B87C80BF18A96D36006DA82A /* vcplots.py */,
				B87C80C118A96D36006DA82A /* vcplotutils.py */,
				B87C80C318A96D36006DA82A /* vcsimdata.py */,
				B87C80C518A96D36006DA82A /* vcsys.py */,
				B87C80C718A96D36006DA82A /* vcutils.py */,
			);
			path = pyvc;
			sourceTree = "<group>";
		};
		B880816218C7DAD400B9C03D /* map_data */ = {
			isa = PBXGroup;
			children = (
				B880816918C7E1BC00B9C03D /* countries.json */,
				B880816A18C7E1BC00B9C03D /* ne_10m_admin_0_map_subunits */,
				B880817218C7E1BC00B9C03D /* ne_10m_admin_1_states_provinces_lakes */,
				B880817A18C7E1BC00B9C03D /* ne_10m_populated_places */,
				B880818218C7E1BC00B9C03D /* ne_10m_urban_areas */,
				B880818918C7E1BC00B9C03D /* states.json */,
			);
			path = map_data;
			sourceTree = "<group>";
		};
		B880816A18C7E1BC00B9C03D /* ne_10m_admin_0_map_subunits */ = {
			isa = PBXGroup;
			children = (
				B880816B18C7E1BC00B9C03D /* ne_10m_admin_0_map_subunits.cpg */,
				B880816C18C7E1BC00B9C03D /* ne_10m_admin_0_map_subunits.dbf */,
				B880816D18C7E1BC00B9C03D /* ne_10m_admin_0_map_subunits.prj */,
				B880816E18C7E1BC00B9C03D /* ne_10m_admin_0_map_subunits.README.html */,
				B880816F18C7E1BC00B9C03D /* ne_10m_admin_0_map_subunits.shp */,
				B880817018C7E1BC00B9C03D /* ne_10m_admin_0_map_subunits.shx */,
				B880817118C7E1BC00B9C03D /* ne_10m_admin_0_map_subunits.VERSION.txt */,
			);
			path = ne_10m_admin_0_map_subunits;
			sourceTree = "<group>";
		};
		B880817218C7E1BC00B9C03D /* ne_10m_admin_1_states_provinces_lakes */ = {
			isa = PBXGroup;
			children = (
				B880817318C7E1BC00B9C03D /* ne_10m_admin_1_states_provinces_lakes.cpg */,
				B880817418C7E1BC00B9C03D /* ne_10m_admin_1_states_provinces_lakes.dbf */,
				B880817518C7E1BC00B9C03D /* ne_10m_admin_1_states_provinces_lakes.prj */,
				B880817618C7E1BC00B9C03D /* ne_10m_admin_1_states_provinces_lakes.README.html */,
				B880817718C7E1BC00B9C03D /* ne_10m_admin_1_states_provinces_lakes.shp */,
				B880817818C7E1BC00B9C03D /* ne_10m_admin_1_states_provinces_lakes.shx */,
				B880817918C7E1BC00B9C03D /* ne_10m_admin_1_states_provinces_lakes.VERSION.txt */,
			);
			path = ne_10m_admin_1_states_provinces_lakes;
			sourceTree = "<group>";
		};
		B880817A18C7E1BC00B9C03D /* ne_10m_populated_places */ = {
			isa = PBXGroup;
			children = (
				B880817B18C7E1BC00B9C03D /* ne_10m_populated_places.cpg */,
				B880817C18C7E1BC00B9C03D /* ne_10m_populated_places.dbf */,
				B880817D18C7E1BC00B9C03D /* ne_10m_populated_places.prj */,
				B880817E18C7E1BC00B9C03D /* ne_10m_populated_places.README.html */,
				B880817F18C7E1BC00B9C03D /* ne_10m_populated_places.shp */,
				B880818018C7E1BC00B9C03D /* ne_10m_populated_places.shx */,
				B880818118C7E1BC00B9C03D /* ne_10m_populated_places.VERSION.txt */,
			);
			path = ne_10m_populated_places;
			sourceTree = "<group>";
		};
		B880818218C7E1BC00B9C03D /* ne_10m_urban_areas */ = {
			isa = PBXGroup;
			children = (
				B880818318C7E1BC00B9C03D /* ne_10m_urban_areas.dbf */,
				B880818418C7E1BC00B9C03D /* ne_10m_urban_areas.prj */,
				B880818518C7E1BC00B9C03D /* ne_10m_urban_areas.README.html */,
				B880818618C7E1BC00B9C03D /* ne_10m_urban_areas.shp */,
				B880818718C7E1BC00B9C03D /* ne_10m_urban_areas.shx */,
				B880818818C7E1BC00B9C03D /* ne_10m_urban_areas.VERSION.txt */,
			);
			path = ne_10m_urban_areas;
			sourceTree = "<group>";
		};
		B8D3B75818AD6B8F00B39972 /* static */ = {
			isa = PBXGroup;
			children = (
				B8D3B75918AD6B8F00B39972 /* css */,
				B8D3B75A18AD6B8F00B39972 /* index.html */,
				B8D3B75B18AD6B8F00B39972 /* js */,
			);
			path = static;
			sourceTree = "<group>";
		};
		B8D3B75918AD6B8F00B39972 /* css */ = {
			isa = PBXGroup;
			children = (
			);
			path = css;
			sourceTree = "<group>";
		};
		B8D3B75B18AD6B8F00B39972 /* js */ = {
			isa = PBXGroup;
			children = (
			);
			path = js;
			sourceTree = "<group>";
		};
/* End PBXGroup section */

/* Begin PBXProject section */
		B816CBF917419F64002B7133 /* Project object */ = {
			isa = PBXProject;
			attributes = {
				LastUpgradeCheck = 0460;
			};
			buildConfigurationList = B816CBFC17419F64002B7133 /* Build configuration list for PBXProject "vcal_webgui" */;
			compatibilityVersion = "Xcode 3.2";
			developmentRegion = English;
			hasScannedForEncodings = 0;
			knownRegions = (
				en,
			);
			mainGroup = B816CBF817419F64002B7133;
			projectDirPath = "";
			projectRoot = "";
			targets = (
			);
		};
/* End PBXProject section */

/* Begin XCBuildConfiguration section */
		B816CBFD17419F64002B7133 /* Debug */ = {
			isa = XCBuildConfiguration;
			buildSettings = {
			};
			name = Debug;
		};
		B816CBFE17419F64002B7133 /* Release */ = {
			isa = XCBuildConfiguration;
			buildSettings = {
			};
			name = Release;
		};
/* End XCBuildConfiguration section */

/* Begin XCConfigurationList section */
		B816CBFC17419F64002B7133 /* Build configuration list for PBXProject "vcal_webgui" */ = {
			isa = XCConfigurationList;
			buildConfigurations = (
				B816CBFD17419F64002B7133 /* Debug */,
				B816CBFE17419F64002B7133 /* Release */,
			);
			defaultConfigurationIsVisible = 0;
			defaultConfigurationName = Release;
		};
/* End XCConfigurationList section */
	};
	rootObject = B816CBF917419F64002B7133 /* Project object */;
}
